
Microsoft Visual Studio Solution File, Format Version 12.00
# Visual Studio Version 17
VisualStudioVersion = 17.13.35825.156 d17.13
MinimumVisualStudioVersion = 10.0.40219.1
Project("{FAE04EC0-301F-11D3-BF4B-00C04F79EFBC}") = "AutoskolaApp", "AutoskolaApp\AutoskolaApp.csproj", "{7788541A-8917-4E36-AF0F-218778DD4D78}"
EndProject
Global
	GlobalSection(SolutionConfigurationPlatforms) = preSolution
		Debug|Any CPU = Debug|Any CPU
		Release|Any CPU = Release|Any CPU
	EndGlobalSection
	GlobalSection(ProjectConfigurationPlatforms) = postSolution
		{7788541A-8917-4E36-AF0F-218778DD4D78}.Debug|Any CPU.ActiveCfg = Debug|Any CPU
		{7788541A-8917-4E36-AF0F-218778DD4D78}.Debug|Any CPU.Build.0 = Debug|Any CPU
		{7788541A-8917-4E36-AF0F-218778DD4D78}.Release|Any CPU.ActiveCfg = Release|Any CPU
		{7788541A-8917-4E36-AF0F-218778DD4D78}.Release|Any CPU.Build.0 = Release|Any CPU
	EndGlobalSection
	GlobalSection(SolutionProperties) = preSolution
		HideSolutionNode = FALSE
	EndGlobalSection
	GlobalSection(ExtensibilityGlobals) = postSolution
		SolutionGuid = {2CD493E5-DE18-46AD-9B84-3C602B54EBFB}
	EndGlobalSection
EndGlobal
